
Microsoft Visual Studio Solution File, Format Version 11.00
# Visual Studio 2010
Project("{FAE04EC0-301F-11D3-BF4B-00C04F79EFBC}") = "Hole", "Assembly-CSharp.csproj", "{4E351B1C-BF84-155F-5E89-2894FB848D67}"
EndProject
Project("{FAE04EC0-301F-11D3-BF4B-00C04F79EFBC}") = "Hole", "Assembly-CSharp-Editor.csproj", "{92CAD68A-B138-E8D8-F220-DFAB5474CB6A}"
EndProject
Global
	GlobalSection(SolutionConfigurationPlatforms) = preSolution
		Debug|Any CPU = Debug|Any CPU
		Release|Any CPU = Release|Any CPU
	EndGlobalSection
	GlobalSection(ProjectConfigurationPlatforms) = postSolution
		{4E351B1C-BF84-155F-5E89-2894FB848D67}.Debug|Any CPU.ActiveCfg = Debug|Any CPU
		{4E351B1C-BF84-155F-5E89-2894FB848D67}.Debug|Any CPU.Build.0 = Debug|Any CPU
		{4E351B1C-BF84-155F-5E89-2894FB848D67}.Release|Any CPU.ActiveCfg = Release|Any CPU
		{4E351B1C-BF84-155F-5E89-2894FB848D67}.Release|Any CPU.Build.0 = Release|Any CPU
		{92CAD68A-B138-E8D8-F220-DFAB5474CB6A}.Debug|Any CPU.ActiveCfg = Debug|Any CPU
		{92CAD68A-B138-E8D8-F220-DFAB5474CB6A}.Debug|Any CPU.Build.0 = Debug|Any CPU
		{92CAD68A-B138-E8D8-F220-DFAB5474CB6A}.Release|Any CPU.ActiveCfg = Release|Any CPU
		{92CAD68A-B138-E8D8-F220-DFAB5474CB6A}.Release|Any CPU.Build.0 = Release|Any CPU
	EndGlobalSection
	GlobalSection(SolutionProperties) = preSolution
		HideSolutionNode = FALSE
	EndGlobalSection
	GlobalSection(MonoDevelopProperties) = preSolution
		StartupItem = Assembly-CSharp.csproj
	EndGlobalSection
EndGlobal
